
Microsoft Visual Studio Solution File, Format Version 12.00
# Visual Studio Version 17
VisualStudioVersion = 17.8.34322.80
MinimumVisualStudioVersion = 10.0.40219.1
Project("{9A19103F-16F7-4668-BE54-9A1E7A4F7556}") = "OstreCeTamtychSpodOkna", "OstreCeTamtychSpodOkna\OstreCeTamtychSpodOkna.csproj", "{78B5CAD3-446C-4B56-A0BB-67B38F97F455}"
EndProject
Global
	GlobalSection(SolutionConfigurationPlatforms) = preSolution
		Debug|Any CPU = Debug|Any CPU
		Release|Any CPU = Release|Any CPU
	EndGlobalSection
	GlobalSection(ProjectConfigurationPlatforms) = postSolution
		{78B5CAD3-446C-4B56-A0BB-67B38F97F455}.Debug|Any CPU.ActiveCfg = Debug|Any CPU
		{78B5CAD3-446C-4B56-A0BB-67B38F97F455}.Debug|Any CPU.Build.0 = Debug|Any CPU
		{78B5CAD3-446C-4B56-A0BB-67B38F97F455}.Release|Any CPU.ActiveCfg = Release|Any CPU
		{78B5CAD3-446C-4B56-A0BB-67B38F97F455}.Release|Any CPU.Build.0 = Release|Any CPU
	EndGlobalSection
	GlobalSection(SolutionProperties) = preSolution
		HideSolutionNode = FALSE
	EndGlobalSection
	GlobalSection(ExtensibilityGlobals) = postSolution
		SolutionGuid = {682B6E6A-61EE-4F1E-A0DB-2E7C58DA589C}
	EndGlobalSection
EndGlobal
